
Microsoft Visual Studio Solution File, Format Version 12.00
# Visual Studio Version 17
VisualStudioVersion = 17.0.31903.59
MinimumVisualStudioVersion = 10.0.40219.1
Project("{9A19103F-16F7-4668-BE54-9A1E7A4F7556}") = "FeedToTeams.Frontend", "FeedToTeams.Frontend\FeedToTeams.Frontend.csproj", "{6B061024-2E84-404E-96E8-0D36E988671C}"
EndProject
Project("{9A19103F-16F7-4668-BE54-9A1E7A4F7556}") = "FeedToTeams.Worker", "FeedToTeams.Worker\FeedToTeams.Worker.csproj", "{012020A9-3752-43FF-8620-F995E7F28D54}"
EndProject
Global
	GlobalSection(SolutionConfigurationPlatforms) = preSolution
		Debug|Any CPU = Debug|Any CPU
		Release|Any CPU = Release|Any CPU
	EndGlobalSection
	GlobalSection(ProjectConfigurationPlatforms) = postSolution
		{6B061024-2E84-404E-96E8-0D36E988671C}.Debug|Any CPU.ActiveCfg = Debug|Any CPU
		{6B061024-2E84-404E-96E8-0D36E988671C}.Debug|Any CPU.Build.0 = Debug|Any CPU
		{6B061024-2E84-404E-96E8-0D36E988671C}.Release|Any CPU.ActiveCfg = Release|Any CPU
		{6B061024-2E84-404E-96E8-0D36E988671C}.Release|Any CPU.Build.0 = Release|Any CPU
		{012020A9-3752-43FF-8620-F995E7F28D54}.Debug|Any CPU.ActiveCfg = Debug|Any CPU
		{012020A9-3752-43FF-8620-F995E7F28D54}.Debug|Any CPU.Build.0 = Debug|Any CPU
		{012020A9-3752-43FF-8620-F995E7F28D54}.Release|Any CPU.ActiveCfg = Release|Any CPU
		{012020A9-3752-43FF-8620-F995E7F28D54}.Release|Any CPU.Build.0 = Release|Any CPU
	EndGlobalSection
	GlobalSection(SolutionProperties) = preSolution
		HideSolutionNode = FALSE
	EndGlobalSection
	GlobalSection(ExtensibilityGlobals) = postSolution
		SolutionGuid = {222897F9-F863-42EB-85E5-2F005C3AA500}
	EndGlobalSection
EndGlobal
